
Microsoft Visual Studio Solution File, Format Version 12.00
# Visual Studio Version 16
VisualStudioVersion = 16.0.29905.134
MinimumVisualStudioVersion = 10.0.40219.1
Project("{9A19103F-16F7-4668-BE54-9A1E7A4F7556}") = "WebApplication4", "WebApplication4\WebApplication4.csproj", "{BB4424EE-3458-4E65-8316-B67F92A5315D}"
EndProject
Project("{FAE04EC0-301F-11D3-BF4B-00C04F79EFBC}") = "WindowsFormsApp3", "WindowsFormsApp3\WindowsFormsApp3.csproj", "{FF9ABC36-40B6-49CA-9AC1-550D4CDFDC0F}"
EndProject
Global
	GlobalSection(SolutionConfigurationPlatforms) = preSolution
		Debug|Any CPU = Debug|Any CPU
		Release|Any CPU = Release|Any CPU
	EndGlobalSection
	GlobalSection(ProjectConfigurationPlatforms) = postSolution
		{BB4424EE-3458-4E65-8316-B67F92A5315D}.Debug|Any CPU.ActiveCfg = Debug|Any CPU
		{BB4424EE-3458-4E65-8316-B67F92A5315D}.Debug|Any CPU.Build.0 = Debug|Any CPU
		{BB4424EE-3458-4E65-8316-B67F92A5315D}.Release|Any CPU.ActiveCfg = Release|Any CPU
		{BB4424EE-3458-4E65-8316-B67F92A5315D}.Release|Any CPU.Build.0 = Release|Any CPU
		{FF9ABC36-40B6-49CA-9AC1-550D4CDFDC0F}.Debug|Any CPU.ActiveCfg = Debug|Any CPU
		{FF9ABC36-40B6-49CA-9AC1-550D4CDFDC0F}.Debug|Any CPU.Build.0 = Debug|Any CPU
		{FF9ABC36-40B6-49CA-9AC1-550D4CDFDC0F}.Release|Any CPU.ActiveCfg = Release|Any CPU
		{FF9ABC36-40B6-49CA-9AC1-550D4CDFDC0F}.Release|Any CPU.Build.0 = Release|Any CPU
	EndGlobalSection
	GlobalSection(SolutionProperties) = preSolution
		HideSolutionNode = FALSE
	EndGlobalSection
	GlobalSection(ExtensibilityGlobals) = postSolution
		SolutionGuid = {3894D2A7-E336-452A-ABBF-6B190ABD85CD}
	EndGlobalSection
EndGlobal
